
Microsoft Visual Studio Solution File, Format Version 12.00
# Visual Studio Version 17
VisualStudioVersion = 17.5.33414.496
MinimumVisualStudioVersion = 10.0.40219.1
Project("{9A19103F-16F7-4668-BE54-9A1E7A4F7556}") = "WebApi6", "WebApi6\WebApi6.csproj", "{F6FF9AD5-FA93-436C-B4B5-159D4580A250}"
EndProject
Global
	GlobalSection(SolutionConfigurationPlatforms) = preSolution
		Debug|Any CPU = Debug|Any CPU
		Release|Any CPU = Release|Any CPU
	EndGlobalSection
	GlobalSection(ProjectConfigurationPlatforms) = postSolution
		{F6FF9AD5-FA93-436C-B4B5-159D4580A250}.Debug|Any CPU.ActiveCfg = Debug|Any CPU
		{F6FF9AD5-FA93-436C-B4B5-159D4580A250}.Debug|Any CPU.Build.0 = Debug|Any CPU
		{F6FF9AD5-FA93-436C-B4B5-159D4580A250}.Release|Any CPU.ActiveCfg = Release|Any CPU
		{F6FF9AD5-FA93-436C-B4B5-159D4580A250}.Release|Any CPU.Build.0 = Release|Any CPU
	EndGlobalSection
	GlobalSection(SolutionProperties) = preSolution
		HideSolutionNode = FALSE
	EndGlobalSection
	GlobalSection(ExtensibilityGlobals) = postSolution
		SolutionGuid = {D5C537DC-D1D9-4D55-B87D-517AB69DA6AB}
	EndGlobalSection
EndGlobal
